lockfileVersion: '9.0'

settings:
  autoInstallPeers: true
  excludeLinksFromLockfile: false

importers:

  .:
    dependencies:
      flatpickr:
        specifier: ^4.6.13
        version: 4.6.13
      sortablejs:
        specifier: ^1.15.2
        version: 1.15.2
    devDependencies:
      prettier:
        specifier: ^3.2.5
        version: 3.2.5

packages:

  flatpickr@4.6.13:
    resolution: {integrity: sha512-97PMG/aywoYpB4IvbvUJi0RQi8vearvU0oov1WW3k0WZPBMrTQVqekSX5CjSG/M4Q3i6A/0FKXC7RyAoAUUSPw==}

  prettier@3.2.5:
    resolution: {integrity: sha512-3/GWa9aOC0YeD7LUfvOG2NiDyhOWRvt1k+rcKhOuYnMY24iiCphgneUfJDyFXd6rZCAnuLBv6UeAULtrhT/F4A==}
    engines: {node: '>=14'}
    hasBin: true

  sortablejs@1.15.2:
    resolution: {integrity: sha512-FJF5jgdfvoKn1MAKSdGs33bIqLi3LmsgVTliuX6iITj834F+JRQZN90Z93yql8h0K2t0RwDPBmxwlbZfDcxNZA==}

snapshots:

  flatpickr@4.6.13: {}

  prettier@3.2.5: {}

  sortablejs@1.15.2: {}
